
Microsoft Visual Studio Solution File, Format Version 12.00
# Visual Studio Version 17
VisualStudioVersion = 17.4.33110.190
MinimumVisualStudioVersion = 10.0.40219.1
Project("{FAE04EC0-301F-11D3-BF4B-00C04F79EFBC}") = "Esoft", "Esoft\Esoft.csproj", "{07B00E5A-FAEC-4624-864F-ED3CFEF8D25D}"
EndProject
Global
	GlobalSection(SolutionConfigurationPlatforms) = preSolution
		Debug|Any CPU = Debug|Any CPU
		Release|Any CPU = Release|Any CPU
	EndGlobalSection
	GlobalSection(ProjectConfigurationPlatforms) = postSolution
		{07B00E5A-FAEC-4624-864F-ED3CFEF8D25D}.Debug|Any CPU.ActiveCfg = Debug|Any CPU
		{07B00E5A-FAEC-4624-864F-ED3CFEF8D25D}.Debug|Any CPU.Build.0 = Debug|Any CPU
		{07B00E5A-FAEC-4624-864F-ED3CFEF8D25D}.Release|Any CPU.ActiveCfg = Release|Any CPU
		{07B00E5A-FAEC-4624-864F-ED3CFEF8D25D}.Release|Any CPU.Build.0 = Release|Any CPU
	EndGlobalSection
	GlobalSection(SolutionProperties) = preSolution
		HideSolutionNode = FALSE
	EndGlobalSection
	GlobalSection(ExtensibilityGlobals) = postSolution
		SolutionGuid = {110ECEEE-8CBC-4F04-B9FD-2AE58E4A5E65}
	EndGlobalSection
EndGlobal
